{
  "name": "shared-dto-codegen-ts-npm-sandbox",
  "version": "1.0.0",
  "lockfileVersion": 2,
  "requires": true,
  "packages": {
    "": {
      "name": "shared-dto-codegen-ts-npm-sandbox",
      "version": "1.0.0",
      "workspaces": [
        "frontend",
        "backend"
      ]
    },
    "backend": {
      "name": "shared-dto-codegen-ts-npm-sandbox-backend",
      "version": "1.0.0",
      "license": "ISC"
    },
    "frontend": {
      "name": "shared-dto-codegen-ts-npm-sandbox-frontend",
      "version": "1.0.0",
      "license": "ISC"
    },
    "node_modules/shared-dto-codegen-ts-npm-sandbox-backend": {
      "resolved": "backend",
      "link": true
    },
    "node_modules/shared-dto-codegen-ts-npm-sandbox-frontend": {
      "resolved": "frontend",
      "link": true
    }
  },
  "dependencies": {
    "shared-dto-codegen-ts-npm-sandbox-backend": {
      "version": "file:backend"
    },
    "shared-dto-codegen-ts-npm-sandbox-frontend": {
      "version": "file:frontend"
    }
  }
}
